// !$*UTF8*$!
{
	archiveVersion = 1;
	classes = {
	};
	objectVersion = 46;
	objects = {

/* Begin PBXBuildFile section */
		1F171EDA1BCC8B6000B13AEB /* AppDelegate.swift in Sources */ = {isa = PBXBuildFile; fileRef = 1F171ED91BCC8B6000B13AEB /* AppDelegate.swift */; };
		1F171EDC1BCC8B6000B13AEB /* ViewController.swift in Sources */ = {isa = PBXBuildFile; fileRef = 1F171EDB1BCC8B6000B13AEB /* ViewController.swift */; };
		1F171EDF1BCC8B6000B13AEB /* Main.storyboard in Resources */ = {isa = PBXBuildFile; fileRef = 1F171EDD1BCC8B6000B13AEB /* Main.storyboard */; };
		1F171EE11BCC8B6000B13AEB /* Assets.xcassets in Resources */ = {isa = PBXBuildFile; fileRef = 1F171EE01BCC8B6000B13AEB /* Assets.xcassets */; };
		1F171EE41BCC8B6000B13AEB /* LaunchScreen.storyboard in Resources */ = {isa = PBXBuildFile; fileRef = 1F171EE21BCC8B6000B13AEB /* LaunchScreen.storyboard */; };
		1F171EEF1BCC8B6000B13AEB /* PGamesTests.swift in Sources */ = {isa = PBXBuildFile; fileRef = 1F171EEE1BCC8B6000B13AEB /* PGamesTests.swift */; };
		1F171EFA1BCC8B6000B13AEB /* PGamesUITests.swift in Sources */ = {isa = PBXBuildFile; fileRef = 1F171EF91BCC8B6000B13AEB /* PGamesUITests.swift */; };
		1F171F081BCC8D9900B13AEB /* TextViewController.swift in Sources */ = {isa = PBXBuildFile; fileRef = 1F171F071BCC8D9900B13AEB /* TextViewController.swift */; };
		1F171F0A1BCC8DAC00B13AEB /* ImageViewController.swift in Sources */ = {isa = PBXBuildFile; fileRef = 1F171F091BCC8DAC00B13AEB /* ImageViewController.swift */; };
		1F171F0C1BCC938600B13AEB /* StartViewController.swift in Sources */ = {isa = PBXBuildFile; fileRef = 1F171F0B1BCC938600B13AEB /* StartViewController.swift */; };
		1F171F121BCCDC2700B13AEB /* Bolts.framework in Frameworks */ = {isa = PBXBuildFile; fileRef = 1F171F101BCCDC2700B13AEB /* Bolts.framework */; };
		1F171F131BCCDC2700B13AEB /* Parse.framework in Frameworks */ = {isa = PBXBuildFile; fileRef = 1F171F111BCCDC2700B13AEB /* Parse.framework */; };
		1F171F151BCCDC8400B13AEB /* AudioToolbox.framework in Frameworks */ = {isa = PBXBuildFile; fileRef = 1F171F141BCCDC8400B13AEB /* AudioToolbox.framework */; };
		1F171F171BCCDC8A00B13AEB /* CFNetwork.framework in Frameworks */ = {isa = PBXBuildFile; fileRef = 1F171F161BCCDC8A00B13AEB /* CFNetwork.framework */; };
		1F171F191BCCDC9400B13AEB /* CoreGraphics.framework in Frameworks */ = {isa = PBXBuildFile; fileRef = 1F171F181BCCDC9400B13AEB /* CoreGraphics.framework */; };
		1F171F1B1BCCDC9A00B13AEB /* CoreLocation.framework in Frameworks */ = {isa = PBXBuildFile; fileRef = 1F171F1A1BCCDC9A00B13AEB /* CoreLocation.framework */; };
		1F171F1D1BCCDCA500B13AEB /* QuartzCore.framework in Frameworks */ = {isa = PBXBuildFile; fileRef = 1F171F1C1BCCDCA500B13AEB /* QuartzCore.framework */; };
		1F171F1F1BCCDCAA00B13AEB /* Security.framework in Frameworks */ = {isa = PBXBuildFile; fileRef = 1F171F1E1BCCDCAA00B13AEB /* Security.framework */; };
		1F171F211BCCDCAF00B13AEB /* StoreKit.framework in Frameworks */ = {isa = PBXBuildFile; fileRef = 1F171F201BCCDCAF00B13AEB /* StoreKit.framework */; };
		1F171F231BCCDCB600B13AEB /* SystemConfiguration.framework in Frameworks */ = {isa = PBXBuildFile; fileRef = 1F171F221BCCDCB600B13AEB /* SystemConfiguration.framework */; };
		1F171F251BCCDCEF00B13AEB /* libz.tbd in Frameworks */ = {isa = PBXBuildFile; fileRef = 1F171F241BCCDCEF00B13AEB /* libz.tbd */; };
		1F171F271BCCDCFC00B13AEB /* libsqlite3.tbd in Frameworks */ = {isa = PBXBuildFile; fileRef = 1F171F261BCCDCFC00B13AEB /* libsqlite3.tbd */; };
		1F171F2D1BCD630E00B13AEB /* ShakeViewController.swift in Sources */ = {isa = PBXBuildFile; fileRef = 1F171F2C1BCD630E00B13AEB /* ShakeViewController.swift */; };
		1F171F2F1BCDDE1100B13AEB /* CountViewController.swift in Sources */ = {isa = PBXBuildFile; fileRef = 1F171F2E1BCDDE1000B13AEB /* CountViewController.swift */; };
		1F39593E1BE04ED0005B2369 /* NearUViewController.swift in Sources */ = {isa = PBXBuildFile; fileRef = 1F39593D1BE04ED0005B2369 /* NearUViewController.swift */; };
		1F39AD621C5AA61A00E25FB7 /* CommTextViewController.swift in Sources */ = {isa = PBXBuildFile; fileRef = 1F39AD611C5AA61A00E25FB7 /* CommTextViewController.swift */; };
		1FD9B4C11C1140DB00E5DAE5 /* PaceViewController.swift in Sources */ = {isa = PBXBuildFile; fileRef = 1FD9B4C01C1140DB00E5DAE5 /* PaceViewController.swift */; };
		1FD9B4C31C11542700E5DAE5 /* ResultsViewController.swift in Sources */ = {isa = PBXBuildFile; fileRef = 1FD9B4C21C11542700E5DAE5 /* ResultsViewController.swift */; };
		1FD9B4C51C1162BD00E5DAE5 /* ButtonViewController.swift in Sources */ = {isa = PBXBuildFile; fileRef = 1FD9B4C41C1162BD00E5DAE5 /* ButtonViewController.swift */; };
		1FD9B4C91C117BC800E5DAE5 /* ImageGViewController.swift in Sources */ = {isa = PBXBuildFile; fileRef = 1FD9B4C81C117BC800E5DAE5 /* ImageGViewController.swift */; };
/* End PBXBuildFile section */

/* Begin PBXContainerItemProxy section */
		1F171EEB1BCC8B6000B13AEB /* PBXContainerItemProxy */ = {
			isa = PBXContainerItemProxy;
			containerPortal = 1F171ECE1BCC8B6000B13AEB /* Project object */;
			proxyType = 1;
			remoteGlobalIDString = 1F171ED51BCC8B6000B13AEB;
			remoteInfo = PGames;
		};
		1F171EF61BCC8B6000B13AEB /* PBXContainerItemProxy */ = {
			isa = PBXContainerItemProxy;
			containerPortal = 1F171ECE1BCC8B6000B13AEB /* Project object */;
			proxyType = 1;
			remoteGlobalIDString = 1F171ED51BCC8B6000B13AEB;
			remoteInfo = PGames;
		};
/* End PBXContainerItemProxy section */

/* Begin PBXFileReference section */
		1F171ED61BCC8B6000B13AEB /* PGames.app */ = {isa = PBXFileReference; explicitFileType = wrapper.application; includeInIndex = 0; path = PGames.app; sourceTree = BUILT_PRODUCTS_DIR; };
		1F171ED91BCC8B6000B13AEB /* AppDelegate.swift */ = {isa = PBXFileReference; lastKnownFileType = sourcecode.swift; path = AppDelegate.swift; sourceTree = "<group>"; };
		1F171EDB1BCC8B6000B13AEB /* ViewController.swift */ = {isa = PBXFileReference; lastKnownFileType = sourcecode.swift; path = ViewController.swift; sourceTree = "<group>"; };
		1F171EDE1BCC8B6000B13AEB /* Base */ = {isa = PBXFileReference; lastKnownFileType = file.storyboard; name = Base; path = Base.lproj/Main.storyboard; sourceTree = "<group>"; };
		1F171EE01BCC8B6000B13AEB /* Assets.xcassets */ = {isa = PBXFileReference; lastKnownFileType = folder.assetcatalog; path = Assets.xcassets; sourceTree = "<group>"; };
		1F171EE31BCC8B6000B13AEB /* Base */ = {isa = PBXFileReference; lastKnownFileType = file.storyboard; name = Base; path = Base.lproj/LaunchScreen.storyboard; sourceTree = "<group>"; };
		1F171EE51BCC8B6000B13AEB /* Info.plist */ = {isa = PBXFileReference; lastKnownFileType = text.plist.xml; path = Info.plist; sourceTree = "<group>"; };
		1F171EEA1BCC8B6000B13AEB /* PGamesTests.xctest */ = {isa = PBXFileReference; explicitFileType = wrapper.cfbundle; includeInIndex = 0; path = PGamesTests.xctest; sourceTree = BUILT_PRODUCTS_DIR; };
		1F171EEE1BCC8B6000B13AEB /* PGamesTests.swift */ = {isa = PBXFileReference; lastKnownFileType = sourcecode.swift; path = PGamesTests.swift; sourceTree = "<group>"; };
		1F171EF01BCC8B6000B13AEB /* Info.plist */ = {isa = PBXFileReference; lastKnownFileType = text.plist.xml; path = Info.plist; sourceTree = "<group>"; };
		1F171EF51BCC8B6000B13AEB /* PGamesUITests.xctest */ = {isa = PBXFileReference; explicitFileType = wrapper.cfbundle; includeInIndex = 0; path = PGamesUITests.xctest; sourceTree = BUILT_PRODUCTS_DIR; };
		1F171EF91BCC8B6000B13AEB /* PGamesUITests.swift */ = {isa = PBXFileReference; lastKnownFileType = sourcecode.swift; path = PGamesUITests.swift; sourceTree = "<group>"; };
		1F171EFB1BCC8B6000B13AEB /* Info.plist */ = {isa = PBXFileReference; lastKnownFileType = text.plist.xml; path = Info.plist; sourceTree = "<group>"; };
		1F171F071BCC8D9900B13AEB /* TextViewController.swift */ = {isa = PBXFileReference; fileEncoding = 4; lastKnownFileType = sourcecode.swift; path = TextViewController.swift; sourceTree = "<group>"; };
		1F171F091BCC8DAC00B13AEB /* ImageViewController.swift */ = {isa = PBXFileReference; fileEncoding = 4; lastKnownFileType = sourcecode.swift; path = ImageViewController.swift; sourceTree = "<group>"; };
		1F171F0B1BCC938600B13AEB /* StartViewController.swift */ = {isa = PBXFileReference; fileEncoding = 4; lastKnownFileType = sourcecode.swift; path = StartViewController.swift; sourceTree = "<group>"; };
		1F171F101BCCDC2700B13AEB /* Bolts.framework */ = {isa = PBXFileReference; lastKnownFileType = wrapper.framework; path = Bolts.framework; sourceTree = "<group>"; };
		1F171F111BCCDC2700B13AEB /* Parse.framework */ = {isa = PBXFileReference; lastKnownFileType = wrapper.framework; path = Parse.framework; sourceTree = "<group>"; };
		1F171F141BCCDC8400B13AEB /* AudioToolbox.framework */ = {isa = PBXFileReference; lastKnownFileType = wrapper.framework; name = AudioToolbox.framework; path = System/Library/Frameworks/AudioToolbox.framework; sourceTree = SDKROOT; };
		1F171F161BCCDC8A00B13AEB /* CFNetwork.framework */ = {isa = PBXFileReference; lastKnownFileType = wrapper.framework; name = CFNetwork.framework; path = System/Library/Frameworks/CFNetwork.framework; sourceTree = SDKROOT; };
		1F171F181BCCDC9400B13AEB /* CoreGraphics.framework */ = {isa = PBXFileReference; lastKnownFileType = wrapper.framework; name = CoreGraphics.framework; path = System/Library/Frameworks/CoreGraphics.framework; sourceTree = SDKROOT; };
		1F171F1A1BCCDC9A00B13AEB /* CoreLocation.framework */ = {isa = PBXFileReference; lastKnownFileType = wrapper.framework; name = CoreLocation.framework; path = System/Library/Frameworks/CoreLocation.framework; sourceTree = SDKROOT; };
		1F171F1C1BCCDCA500B13AEB /* QuartzCore.framework */ = {isa = PBXFileReference; lastKnownFileType = wrapper.framework; name = QuartzCore.framework; path = System/Library/Frameworks/QuartzCore.framework; sourceTree = SDKROOT; };
		1F171F1E1BCCDCAA00B13AEB /* Security.framework */ = {isa = PBXFileReference; lastKnownFileType = wrapper.framework; name = Security.framework; path = System/Library/Frameworks/Security.framework; sourceTree = SDKROOT; };
		1F171F201BCCDCAF00B13AEB /* StoreKit.framework */ = {isa = PBXFileReference; lastKnownFileType = wrapper.framework; name = StoreKit.framework; path = System/Library/Frameworks/StoreKit.framework; sourceTree = SDKROOT; };
		1F171F221BCCDCB600B13AEB /* SystemConfiguration.framework */ = {isa = PBXFileReference; lastKnownFileType = wrapper.framework; name = SystemConfiguration.framework; path = System/Library/Frameworks/SystemConfiguration.framework; sourceTree = SDKROOT; };
		1F171F241BCCDCEF00B13AEB /* libz.tbd */ = {isa = PBXFileReference; lastKnownFileType = "sourcecode.text-based-dylib-definition"; name = libz.tbd; path = usr/lib/libz.tbd; sourceTree = SDKROOT; };
		1F171F261BCCDCFC00B13AEB /* libsqlite3.tbd */ = {isa = PBXFileReference; lastKnownFileType = "sourcecode.text-based-dylib-definition"; name = libsqlite3.tbd; path = usr/lib/libsqlite3.tbd; sourceTree = SDKROOT; };
		1F171F2C1BCD630E00B13AEB /* ShakeViewController.swift */ = {isa = PBXFileReference; fileEncoding = 4; lastKnownFileType = sourcecode.swift; path = ShakeViewController.swift; sourceTree = "<group>"; };
		1F171F2E1BCDDE1000B13AEB /* CountViewController.swift */ = {isa = PBXFileReference; fileEncoding = 4; lastKnownFileType = sourcecode.swift; path = CountViewController.swift; sourceTree = "<group>"; };
		1F39593D1BE04ED0005B2369 /* NearUViewController.swift */ = {isa = PBXFileReference; fileEncoding = 4; lastKnownFileType = sourcecode.swift; path = NearUViewController.swift; sourceTree = "<group>"; };
		1F39AD611C5AA61A00E25FB7 /* CommTextViewController.swift */ = {isa = PBXFileReference; fileEncoding = 4; lastKnownFileType = sourcecode.swift; path = CommTextViewController.swift; sourceTree = "<group>"; };
		1FD9B4C01C1140DB00E5DAE5 /* PaceViewController.swift */ = {isa = PBXFileReference; fileEncoding = 4; lastKnownFileType = sourcecode.swift; path = PaceViewController.swift; sourceTree = "<group>"; };
		1FD9B4C21C11542700E5DAE5 /* ResultsViewController.swift */ = {isa = PBXFileReference; fileEncoding = 4; lastKnownFileType = sourcecode.swift; path = ResultsViewController.swift; sourceTree = "<group>"; };
		1FD9B4C41C1162BD00E5DAE5 /* ButtonViewController.swift */ = {isa = PBXFileReference; fileEncoding = 4; lastKnownFileType = sourcecode.swift; path = ButtonViewController.swift; sourceTree = "<group>"; };
		1FD9B4C81C117BC800E5DAE5 /* ImageGViewController.swift */ = {isa = PBXFileReference; fileEncoding = 4; lastKnownFileType = sourcecode.swift; path = ImageGViewController.swift; sourceTree = "<group>"; };
/* End PBXFileReference section */

/* Begin PBXFrameworksBuildPhase section */
		1F171ED31BCC8B6000B13AEB /* Frameworks */ = {
			isa = PBXFrameworksBuildPhase;
			buildActionMask = 2147483647;
			files = (
				1F171F271BCCDCFC00B13AEB /* libsqlite3.tbd in Frameworks */,
				1F171F251BCCDCEF00B13AEB /* libz.tbd in Frameworks */,
				1F171F231BCCDCB600B13AEB /* SystemConfiguration.framework in Frameworks */,
				1F171F211BCCDCAF00B13AEB /* StoreKit.framework in Frameworks */,
				1F171F1F1BCCDCAA00B13AEB /* Security.framework in Frameworks */,
				1F171F1D1BCCDCA500B13AEB /* QuartzCore.framework in Frameworks */,
				1F171F1B1BCCDC9A00B13AEB /* CoreLocation.framework in Frameworks */,
				1F171F191BCCDC9400B13AEB /* CoreGraphics.framework in Frameworks */,
				1F171F171BCCDC8A00B13AEB /* CFNetwork.framework in Frameworks */,
				1F171F151BCCDC8400B13AEB /* AudioToolbox.framework in Frameworks */,
				1F171F131BCCDC2700B13AEB /* Parse.framework in Frameworks */,
				1F171F121BCCDC2700B13AEB /* Bolts.framework in Frameworks */,
			);
			runOnlyForDeploymentPostprocessing = 0;
		};
		1F171EE71BCC8B6000B13AEB /* Frameworks */ = {
			isa = PBXFrameworksBuildPhase;
			buildActionMask = 2147483647;
			files = (
			);
			runOnlyForDeploymentPostprocessing = 0;
		};
		1F171EF21BCC8B6000B13AEB /* Frameworks */ = {
			isa = PBXFrameworksBuildPhase;
			buildActionMask = 2147483647;
			files = (
			);
			runOnlyForDeploymentPostprocessing = 0;
		};
/* End PBXFrameworksBuildPhase section */

/* Begin PBXGroup section */
		1F171ECD1BCC8B6000B13AEB = {
			isa = PBXGroup;
			children = (
				1F171F291BCCDD7800B13AEB /* Frameworks */,
				1F171ED81BCC8B6000B13AEB /* PGames */,
				1F171EED1BCC8B6000B13AEB /* PGamesTests */,
				1F171EF81BCC8B6000B13AEB /* PGamesUITests */,
				1F171ED71BCC8B6000B13AEB /* Products */,
			);
			sourceTree = "<group>";
		};
		1F171ED71BCC8B6000B13AEB /* Products */ = {
			isa = PBXGroup;
			children = (
				1F171ED61BCC8B6000B13AEB /* PGames.app */,
				1F171EEA1BCC8B6000B13AEB /* PGamesTests.xctest */,
				1F171EF51BCC8B6000B13AEB /* PGamesUITests.xctest */,
			);
			name = Products;
			sourceTree = "<group>";
		};
		1F171ED81BCC8B6000B13AEB /* PGames */ = {
			isa = PBXGroup;
			children = (
				1F171F2C1BCD630E00B13AEB /* ShakeViewController.swift */,
				1F171ED91BCC8B6000B13AEB /* AppDelegate.swift */,
				1F171EDB1BCC8B6000B13AEB /* ViewController.swift */,
				1F171EDD1BCC8B6000B13AEB /* Main.storyboard */,
				1F39AD611C5AA61A00E25FB7 /* CommTextViewController.swift */,
				1FD9B4C81C117BC800E5DAE5 /* ImageGViewController.swift */,
				1FD9B4C41C1162BD00E5DAE5 /* ButtonViewController.swift */,
				1FD9B4C21C11542700E5DAE5 /* ResultsViewController.swift */,
				1FD9B4C01C1140DB00E5DAE5 /* PaceViewController.swift */,
				1F39593D1BE04ED0005B2369 /* NearUViewController.swift */,
				1F171F2E1BCDDE1000B13AEB /* CountViewController.swift */,
				1F171F0B1BCC938600B13AEB /* StartViewController.swift */,
				1F171F071BCC8D9900B13AEB /* TextViewController.swift */,
				1F171F091BCC8DAC00B13AEB /* ImageViewController.swift */,
				1F171EE01BCC8B6000B13AEB /* Assets.xcassets */,
				1F171EE21BCC8B6000B13AEB /* LaunchScreen.storyboard */,
				1F171EE51BCC8B6000B13AEB /* Info.plist */,
			);
			path = PGames;
			sourceTree = "<group>";
		};
		1F171EED1BCC8B6000B13AEB /* PGamesTests */ = {
			isa = PBXGroup;
			children = (
				1F171EEE1BCC8B6000B13AEB /* PGamesTests.swift */,
				1F171EF01BCC8B6000B13AEB /* Info.plist */,
			);
			path = PGamesTests;
			sourceTree = "<group>";
		};
		1F171EF81BCC8B6000B13AEB /* PGamesUITests */ = {
			isa = PBXGroup;
			children = (
				1F171EF91BCC8B6000B13AEB /* PGamesUITests.swift */,
				1F171EFB1BCC8B6000B13AEB /* Info.plist */,
			);
			path = PGamesUITests;
			sourceTree = "<group>";
		};
		1F171F291BCCDD7800B13AEB /* Frameworks */ = {
			isa = PBXGroup;
			children = (
				1F171F101BCCDC2700B13AEB /* Bolts.framework */,
				1F171F111BCCDC2700B13AEB /* Parse.framework */,
				1F171F261BCCDCFC00B13AEB /* libsqlite3.tbd */,
				1F171F241BCCDCEF00B13AEB /* libz.tbd */,
				1F171F221BCCDCB600B13AEB /* SystemConfiguration.framework */,
				1F171F201BCCDCAF00B13AEB /* StoreKit.framework */,
				1F171F1E1BCCDCAA00B13AEB /* Security.framework */,
				1F171F1C1BCCDCA500B13AEB /* QuartzCore.framework */,
				1F171F1A1BCCDC9A00B13AEB /* CoreLocation.framework */,
				1F171F181BCCDC9400B13AEB /* CoreGraphics.framework */,
				1F171F161BCCDC8A00B13AEB /* CFNetwork.framework */,
				1F171F141BCCDC8400B13AEB /* AudioToolbox.framework */,
			);
			name = Frameworks;
			sourceTree = "<group>";
		};
/* End PBXGroup section */

/* Begin PBXNativeTarget section */
		1F171ED51BCC8B6000B13AEB /* PGames */ = {
			isa = PBXNativeTarget;
			buildConfigurationList = 1F171EFE1BCC8B6000B13AEB /* Build configuration list for PBXNativeTarget "PGames" */;
			buildPhases = (
				1F171ED21BCC8B6000B13AEB /* Sources */,
				1F171ED31BCC8B6000B13AEB /* Frameworks */,
				1F171ED41BCC8B6000B13AEB /* Resources */,
			);
			buildRules = (
			);
			dependencies = (
			);
			name = PGames;
			productName = PGames;
			productReference = 1F171ED61BCC8B6000B13AEB /* PGames.app */;
			productType = "com.apple.product-type.application";
		};
		1F171EE91BCC8B6000B13AEB /* PGamesTests */ = {
			isa = PBXNativeTarget;
			buildConfigurationList = 1F171F011BCC8B6000B13AEB /* Build configuration list for PBXNativeTarget "PGamesTests" */;
			buildPhases = (
				1F171EE61BCC8B6000B13AEB /* Sources */,
				1F171EE71BCC8B6000B13AEB /* Frameworks */,
				1F171EE81BCC8B6000B13AEB /* Resources */,
			);
			buildRules = (
			);
			dependencies = (
				1F171EEC1BCC8B6000B13AEB /* PBXTargetDependency */,
			);
			name = PGamesTests;
			productName = PGamesTests;
			productReference = 1F171EEA1BCC8B6000B13AEB /* PGamesTests.xctest */;
			productType = "com.apple.product-type.bundle.unit-test";
		};
		1F171EF41BCC8B6000B13AEB /* PGamesUITests */ = {
			isa = PBXNativeTarget;
			buildConfigurationList = 1F171F041BCC8B6000B13AEB /* Build configuration list for PBXNativeTarget "PGamesUITests" */;
			buildPhases = (
				1F171EF11BCC8B6000B13AEB /* Sources */,
				1F171EF21BCC8B6000B13AEB /* Frameworks */,
				1F171EF31BCC8B6000B13AEB /* Resources */,
			);
			buildRules = (
			);
			dependencies = (
				1F171EF71BCC8B6000B13AEB /* PBXTargetDependency */,
			);
			name = PGamesUITests;
			productName = PGamesUITests;
			productReference = 1F171EF51BCC8B6000B13AEB /* PGamesUITests.xctest */;
			productType = "com.apple.product-type.bundle.ui-testing";
		};
/* End PBXNativeTarget section */

/* Begin PBXProject section */
		1F171ECE1BCC8B6000B13AEB /* Project object */ = {
			isa = PBXProject;
			attributes = {
				LastUpgradeCheck = 0700;
				ORGANIZATIONNAME = "Shawn Caeiro";
				TargetAttributes = {
					1F171ED51BCC8B6000B13AEB = {
						CreatedOnToolsVersion = 7.0;
						DevelopmentTeam = 25SY4WU9EN;
					};
					1F171EE91BCC8B6000B13AEB = {
						CreatedOnToolsVersion = 7.0;
						TestTargetID = 1F171ED51BCC8B6000B13AEB;
					};
					1F171EF41BCC8B6000B13AEB = {
						CreatedOnToolsVersion = 7.0;
						TestTargetID = 1F171ED51BCC8B6000B13AEB;
					};
				};
			};
			buildConfigurationList = 1F171ED11BCC8B6000B13AEB /* Build configuration list for PBXProject "PGames" */;
			compatibilityVersion = "Xcode 3.2";
			developmentRegion = English;
			hasScannedForEncodings = 0;
			knownRegions = (
				en,
				Base,
			);
			mainGroup = 1F171ECD1BCC8B6000B13AEB;
			productRefGroup = 1F171ED71BCC8B6000B13AEB /* Products */;
			projectDirPath = "";
			projectRoot = "";
			targets = (
				1F171ED51BCC8B6000B13AEB /* PGames */,
				1F171EE91BCC8B6000B13AEB /* PGamesTests */,
				1F171EF41BCC8B6000B13AEB /* PGamesUITests */,
			);
		};
/* End PBXProject section */

/* Begin PBXResourcesBuildPhase section */
		1F171ED41BCC8B6000B13AEB /* Resources */ = {
			isa = PBXResourcesBuildPhase;
			buildActionMask = 2147483647;
			files = (
				1F171EE41BCC8B6000B13AEB /* LaunchScreen.storyboard in Resources */,
				1F171EE11BCC8B6000B13AEB /* Assets.xcassets in Resources */,
				1F171EDF1BCC8B6000B13AEB /* Main.storyboard in Resources */,
			);
			runOnlyForDeploymentPostprocessing = 0;
		};
		1F171EE81BCC8B6000B13AEB /* Resources */ = {
			isa = PBXResourcesBuildPhase;
			buildActionMask = 2147483647;
			files = (
			);
			runOnlyForDeploymentPostprocessing = 0;
		};
		1F171EF31BCC8B6000B13AEB /* Resources */ = {
			isa = PBXResourcesBuildPhase;
			buildActionMask = 2147483647;
			files = (
			);
			runOnlyForDeploymentPostprocessing = 0;
		};
/* End PBXResourcesBuildPhase section */

/* Begin PBXSourcesBuildPhase section */
		1F171ED21BCC8B6000B13AEB /* Sources */ = {
			isa = PBXSourcesBuildPhase;
			buildActionMask = 2147483647;
			files = (
				1F39AD621C5AA61A00E25FB7 /* CommTextViewController.swift in Sources */,
				1F171F0C1BCC938600B13AEB /* StartViewController.swift in Sources */,
				1F171F2D1BCD630E00B13AEB /* ShakeViewController.swift in Sources */,
				1FD9B4C91C117BC800E5DAE5 /* ImageGViewController.swift in Sources */,
				1F171EDC1BCC8B6000B13AEB /* ViewController.swift in Sources */,
				1FD9B4C31C11542700E5DAE5 /* ResultsViewController.swift in Sources */,
				1F171EDA1BCC8B6000B13AEB /* AppDelegate.swift in Sources */,
				1FD9B4C11C1140DB00E5DAE5 /* PaceViewController.swift in Sources */,
				1F171F0A1BCC8DAC00B13AEB /* ImageViewController.swift in Sources */,
				1F171F2F1BCDDE1100B13AEB /* CountViewController.swift in Sources */,
				1F39593E1BE04ED0005B2369 /* NearUViewController.swift in Sources */,
				1F171F081BCC8D9900B13AEB /* TextViewController.swift in Sources */,
				1FD9B4C51C1162BD00E5DAE5 /* ButtonViewController.swift in Sources */,
			);
			runOnlyForDeploymentPostprocessing = 0;
		};
		1F171EE61BCC8B6000B13AEB /* Sources */ = {
			isa = PBXSourcesBuildPhase;
			buildActionMask = 2147483647;
			files = (
				1F171EEF1BCC8B6000B13AEB /* PGamesTests.swift in Sources */,
			);
			runOnlyForDeploymentPostprocessing = 0;
		};
		1F171EF11BCC8B6000B13AEB /* Sources */ = {
			isa = PBXSourcesBuildPhase;
			buildActionMask = 2147483647;
			files = (
				1F171EFA1BCC8B6000B13AEB /* PGamesUITests.swift in Sources */,
			);
			runOnlyForDeploymentPostprocessing = 0;
		};
/* End PBXSourcesBuildPhase section */

/* Begin PBXTargetDependency section */
		1F171EEC1BCC8B6000B13AEB /* PBXTargetDependency */ = {
			isa = PBXTargetDependency;
			target = 1F171ED51BCC8B6000B13AEB /* PGames */;
			targetProxy = 1F171EEB1BCC8B6000B13AEB /* PBXContainerItemProxy */;
		};
		1F171EF71BCC8B6000B13AEB /* PBXTargetDependency */ = {
			isa = PBXTargetDependency;
			target = 1F171ED51BCC8B6000B13AEB /* PGames */;
			targetProxy = 1F171EF61BCC8B6000B13AEB /* PBXContainerItemProxy */;
		};
/* End PBXTargetDependency section */

/* Begin PBXVariantGroup section */
		1F171EDD1BCC8B6000B13AEB /* Main.storyboard */ = {
			isa = PBXVariantGroup;
			children = (
				1F171EDE1BCC8B6000B13AEB /* Base */,
			);
			name = Main.storyboard;
			sourceTree = "<group>";
		};
		1F171EE21BCC8B6000B13AEB /* LaunchScreen.storyboard */ = {
			isa = PBXVariantGroup;
			children = (
				1F171EE31BCC8B6000B13AEB /* Base */,
			);
			name = LaunchScreen.storyboard;
			sourceTree = "<group>";
		};
/* End PBXVariantGroup section */

/* Begin XCBuildConfiguration section */
		1F171EFC1BCC8B6000B13AEB /* Debug */ = {
			isa = XCBuildConfiguration;
			buildSettings = {
				ALWAYS_SEARCH_USER_PATHS = NO;
				CLANG_CXX_LANGUAGE_STANDARD = "gnu++0x";
				CLANG_CXX_LIBRARY = "libc++";
				CLANG_ENABLE_MODULES = YES;
				CLANG_ENABLE_OBJC_ARC = YES;
				CLANG_WARN_BOOL_CONVERSION = YES;
				CLANG_WARN_CONSTANT_CONVERSION = YES;
				CLANG_WARN_DIRECT_OBJC_ISA_USAGE = YES_ERROR;
				CLANG_WARN_EMPTY_BODY = YES;
				CLANG_WARN_ENUM_CONVERSION = YES;
				CLANG_WARN_INT_CONVERSION = YES;
				CLANG_WARN_OBJC_ROOT_CLASS = YES_ERROR;
				CLANG_WARN_UNREACHABLE_CODE = YES;
				CLANG_WARN__DUPLICATE_METHOD_MATCH = YES;
				"CODE_SIGN_IDENTITY[sdk=iphoneos*]" = "iPhone Developer";
				COPY_PHASE_STRIP = NO;
				DEBUG_INFORMATION_FORMAT = dwarf;
				ENABLE_STRICT_OBJC_MSGSEND = YES;
				ENABLE_TESTABILITY = YES;
				GCC_C_LANGUAGE_STANDARD = gnu99;
				GCC_DYNAMIC_NO_PIC = NO;
				GCC_NO_COMMON_BLOCKS = YES;
				GCC_OPTIMIZATION_LEVEL = 0;
				GCC_PREPROCESSOR_DEFINITIONS = (
					"DEBUG=1",
					"$(inherited)",
				);
				GCC_WARN_64_TO_32_BIT_CONVERSION = YES;
				GCC_WARN_ABOUT_RETURN_TYPE = YES_ERROR;
				GCC_WARN_UNDECLARED_SELECTOR = YES;
				GCC_WARN_UNINITIALIZED_AUTOS = YES_AGGRESSIVE;
				GCC_WARN_UNUSED_FUNCTION = YES;
				GCC_WARN_UNUSED_VARIABLE = YES;
				IPHONEOS_DEPLOYMENT_TARGET = 9.0;
				MTL_ENABLE_DEBUG_INFO = YES;
				ONLY_ACTIVE_ARCH = YES;
				SDKROOT = iphoneos;
				SWIFT_OPTIMIZATION_LEVEL = "-Onone";
			};
			name = Debug;
		};
		1F171EFD1BCC8B6000B13AEB /* Release */ = {
			isa = XCBuildConfiguration;
			buildSettings = {
				ALWAYS_SEARCH_USER_PATHS = NO;
				CLANG_CXX_LANGUAGE_STANDARD = "gnu++0x";
				CLANG_CXX_LIBRARY = "libc++";
				CLANG_ENABLE_MODULES = YES;
				CLANG_ENABLE_OBJC_ARC = YES;
				CLANG_WARN_BOOL_CONVERSION = YES;
				CLANG_WARN_CONSTANT_CONVERSION = YES;
				CLANG_WARN_DIRECT_OBJC_ISA_USAGE = YES_ERROR;
				CLANG_WARN_EMPTY_BODY = YES;
				CLANG_WARN_ENUM_CONVERSION = YES;
				CLANG_WARN_INT_CONVERSION = YES;
				CLANG_WARN_OBJC_ROOT_CLASS = YES_ERROR;
				CLANG_WARN_UNREACHABLE_CODE = YES;
				CLANG_WARN__DUPLICATE_METHOD_MATCH = YES;
				"CODE_SIGN_IDENTITY[sdk=iphoneos*]" = "iPhone Developer";
				COPY_PHASE_STRIP = NO;
				DEBUG_INFORMATION_FORMAT = "dwarf-with-dsym";
				ENABLE_NS_ASSERTIONS = NO;
				ENABLE_STRICT_OBJC_MSGSEND = YES;
				GCC_C_LANGUAGE_STANDARD = gnu99;
				GCC_NO_COMMON_BLOCKS = YES;
				GCC_WARN_64_TO_32_BIT_CONVERSION = YES;
				GCC_WARN_ABOUT_RETURN_TYPE = YES_ERROR;
				GCC_WARN_UNDECLARED_SELECTOR = YES;
				GCC_WARN_UNINITIALIZED_AUTOS = YES_AGGRESSIVE;
				GCC_WARN_UNUSED_FUNCTION = YES;
				GCC_WARN_UNUSED_VARIABLE = YES;
				IPHONEOS_DEPLOYMENT_TARGET = 9.0;
				MTL_ENABLE_DEBUG_INFO = NO;
				SDKROOT = iphoneos;
				VALIDATE_PRODUCT = YES;
			};
			name = Release;
		};
		1F171EFF1BCC8B6000B13AEB /* Debug */ = {
			isa = XCBuildConfiguration;
			buildSettings = {
				ASSETCATALOG_COMPILER_APPICON_NAME = AppIcon;
				CODE_SIGN_IDENTITY = "iPhone Developer";
				"CODE_SIGN_IDENTITY[sdk=iphoneos*]" = "iPhone Developer";
				FRAMEWORK_SEARCH_PATHS = (
					"$(inherited)",
					"$(PROJECT_DIR)",
				);
				INFOPLIST_FILE = PGames/Info.plist;
				LD_RUNPATH_SEARCH_PATHS = "$(inherited) @executable_path/Frameworks";
				PRODUCT_BUNDLE_IDENTIFIER = com.shawncaeiro.PGames2;
				PRODUCT_NAME = "$(TARGET_NAME)";
				PROVISIONING_PROFILE = "";
			};
			name = Debug;
		};
		1F171F001BCC8B6000B13AEB /* Release */ = {
			isa = XCBuildConfiguration;
			buildSettings = {
				ASSETCATALOG_COMPILER_APPICON_NAME = AppIcon;
				CODE_SIGN_IDENTITY = "iPhone Developer";
				"CODE_SIGN_IDENTITY[sdk=iphoneos*]" = "iPhone Developer";
				FRAMEWORK_SEARCH_PATHS = (
					"$(inherited)",
					"$(PROJECT_DIR)",
				);
				INFOPLIST_FILE = PGames/Info.plist;
				LD_RUNPATH_SEARCH_PATHS = "$(inherited) @executable_path/Frameworks";
				PRODUCT_BUNDLE_IDENTIFIER = com.shawncaeiro.PGames2;
				PRODUCT_NAME = "$(TARGET_NAME)";
				PROVISIONING_PROFILE = "";
			};
			name = Release;
		};
		1F171F021BCC8B6000B13AEB /* Debug */ = {
			isa = XCBuildConfiguration;
			buildSettings = {
				BUNDLE_LOADER = "$(TEST_HOST)";
				INFOPLIST_FILE = PGamesTests/Info.plist;
				LD_RUNPATH_SEARCH_PATHS = "$(inherited) @executable_path/Frameworks @loader_path/Frameworks";
				PRODUCT_BUNDLE_IDENTIFIER = com.shawncaeiro.PGamesTests;
				PRODUCT_NAME = "$(TARGET_NAME)";
				TEST_HOST = "$(BUILT_PRODUCTS_DIR)/PGames.app/PGames";
			};
			name = Debug;
		};
		1F171F031BCC8B6000B13AEB /* Release */ = {
			isa = XCBuildConfiguration;
			buildSettings = {
				BUNDLE_LOADER = "$(TEST_HOST)";
				INFOPLIST_FILE = PGamesTests/Info.plist;
				LD_RUNPATH_SEARCH_PATHS = "$(inherited) @executable_path/Frameworks @loader_path/Frameworks";
				PRODUCT_BUNDLE_IDENTIFIER = com.shawncaeiro.PGamesTests;
				PRODUCT_NAME = "$(TARGET_NAME)";
				TEST_HOST = "$(BUILT_PRODUCTS_DIR)/PGames.app/PGames";
			};
			name = Release;
		};
		1F171F051BCC8B6000B13AEB /* Debug */ = {
			isa = XCBuildConfiguration;
			buildSettings = {
				INFOPLIST_FILE = PGamesUITests/Info.plist;
				LD_RUNPATH_SEARCH_PATHS = "$(inherited) @executable_path/Frameworks @loader_path/Frameworks";
				PRODUCT_BUNDLE_IDENTIFIER = com.shawncaeiro.PGamesUITests;
				PRODUCT_NAME = "$(TARGET_NAME)";
				TEST_TARGET_NAME = PGames;
				USES_XCTRUNNER = YES;
			};
			name = Debug;
		};
		1F171F061BCC8B6000B13AEB /* Release */ = {
			isa = XCBuildConfiguration;
			buildSettings = {
				INFOPLIST_FILE = PGamesUITests/Info.plist;
				LD_RUNPATH_SEARCH_PATHS = "$(inherited) @executable_path/Frameworks @loader_path/Frameworks";
				PRODUCT_BUNDLE_IDENTIFIER = com.shawncaeiro.PGamesUITests;
				PRODUCT_NAME = "$(TARGET_NAME)";
				TEST_TARGET_NAME = PGames;
				USES_XCTRUNNER = YES;
			};
			name = Release;
		};
/* End XCBuildConfiguration section */

/* Begin XCConfigurationList section */
		1F171ED11BCC8B6000B13AEB /* Build configuration list for PBXProject "PGames" */ = {
			isa = XCConfigurationList;
			buildConfigurations = (
				1F171EFC1BCC8B6000B13AEB /* Debug */,
				1F171EFD1BCC8B6000B13AEB /* Release */,
			);
			defaultConfigurationIsVisible = 0;
			defaultConfigurationName = Release;
		};
		1F171EFE1BCC8B6000B13AEB /* Build configuration list for PBXNativeTarget "PGames" */ = {
			isa = XCConfigurationList;
			buildConfigurations = (
				1F171EFF1BCC8B6000B13AEB /* Debug */,
				1F171F001BCC8B6000B13AEB /* Release */,
			);
			defaultConfigurationIsVisible = 0;
			defaultConfigurationName = Release;
		};
		1F171F011BCC8B6000B13AEB /* Build configuration list for PBXNativeTarget "PGamesTests" */ = {
			isa = XCConfigurationList;
			buildConfigurations = (
				1F171F021BCC8B6000B13AEB /* Debug */,
				1F171F031BCC8B6000B13AEB /* Release */,
			);
			defaultConfigurationIsVisible = 0;
			defaultConfigurationName = Release;
		};
		1F171F041BCC8B6000B13AEB /* Build configuration list for PBXNativeTarget "PGamesUITests" */ = {
			isa = XCConfigurationList;
			buildConfigurations = (
				1F171F051BCC8B6000B13AEB /* Debug */,
				1F171F061BCC8B6000B13AEB /* Release */,
			);
			defaultConfigurationIsVisible = 0;
			defaultConfigurationName = Release;
		};
/* End XCConfigurationList section */
	};
	rootObject = 1F171ECE1BCC8B6000B13AEB /* Project object */;
}
