// !$*UTF8*$!
{
	archiveVersion = 1;
	classes = {
	};
	objectVersion = 46;
	objects = {

/* Begin PBXBuildFile section */
		1F233E3D1C76233C00E7B0E4 /* S6.m4a in Resources */ = {isa = PBXBuildFile; fileRef = 1F233E371C76233C00E7B0E4 /* S6.m4a */; };
		1F233E3E1C76233C00E7B0E4 /* S5.m4a in Resources */ = {isa = PBXBuildFile; fileRef = 1F233E381C76233C00E7B0E4 /* S5.m4a */; };
		1F233E3F1C76233C00E7B0E4 /* S4.m4a in Resources */ = {isa = PBXBuildFile; fileRef = 1F233E391C76233C00E7B0E4 /* S4.m4a */; };
		1F233E401C76233C00E7B0E4 /* S3.m4a in Resources */ = {isa = PBXBuildFile; fileRef = 1F233E3A1C76233C00E7B0E4 /* S3.m4a */; };
		1F233E411C76233C00E7B0E4 /* S2.m4a in Resources */ = {isa = PBXBuildFile; fileRef = 1F233E3B1C76233C00E7B0E4 /* S2.m4a */; };
		1F233E421C76233C00E7B0E4 /* S1.m4a in Resources */ = {isa = PBXBuildFile; fileRef = 1F233E3C1C76233C00E7B0E4 /* S1.m4a */; };
		1F4128001CB82CEA00274A74 /* ViewControllerOLD.swift in Sources */ = {isa = PBXBuildFile; fileRef = 1F4127FF1CB82CEA00274A74 /* ViewControllerOLD.swift */; };
		1F4128021CB82CFB00274A74 /* ViewController.swift in Sources */ = {isa = PBXBuildFile; fileRef = 1F4128011CB82CFB00274A74 /* ViewController.swift */; };
		1F71F4DF1C7BBD42005EC7E8 /* worldObject.swift in Sources */ = {isa = PBXBuildFile; fileRef = 1F71F4DE1C7BBD42005EC7E8 /* worldObject.swift */; };
		3E0E5E451C7674F1005651CE /* beep.wav in Resources */ = {isa = PBXBuildFile; fileRef = 3E0E5E421C7674F0005651CE /* beep.wav */; };
		3E0E5E461C7674F1005651CE /* confirm.wav in Resources */ = {isa = PBXBuildFile; fileRef = 3E0E5E431C7674F0005651CE /* confirm.wav */; };
		3E0E5E471C7674F1005651CE /* theme.mp3 in Resources */ = {isa = PBXBuildFile; fileRef = 3E0E5E441C7674F0005651CE /* theme.mp3 */; };
		3E0E5E4B1C768C66005651CE /* Conclusion.m4a in Resources */ = {isa = PBXBuildFile; fileRef = 3E0E5E481C768C65005651CE /* Conclusion.m4a */; };
		3E0E5E4C1C768C66005651CE /* Intro1.m4a in Resources */ = {isa = PBXBuildFile; fileRef = 3E0E5E491C768C65005651CE /* Intro1.m4a */; };
		3E0E5E4D1C768C66005651CE /* Intro2.m4a in Resources */ = {isa = PBXBuildFile; fileRef = 3E0E5E4A1C768C66005651CE /* Intro2.m4a */; };
		3E4311DD1C5EB0ED001FFFB0 /* AppDelegate.swift in Sources */ = {isa = PBXBuildFile; fileRef = 3E4311DC1C5EB0ED001FFFB0 /* AppDelegate.swift */; };
		3E4311E21C5EB0ED001FFFB0 /* Main.storyboard in Resources */ = {isa = PBXBuildFile; fileRef = 3E4311E01C5EB0ED001FFFB0 /* Main.storyboard */; };
		3E4311E41C5EB0ED001FFFB0 /* Assets.xcassets in Resources */ = {isa = PBXBuildFile; fileRef = 3E4311E31C5EB0ED001FFFB0 /* Assets.xcassets */; };
		3E4311E71C5EB0ED001FFFB0 /* LaunchScreen.storyboard in Resources */ = {isa = PBXBuildFile; fileRef = 3E4311E51C5EB0ED001FFFB0 /* LaunchScreen.storyboard */; };
		3E4311F21C5EB0ED001FFFB0 /* pgagAudioTests.swift in Sources */ = {isa = PBXBuildFile; fileRef = 3E4311F11C5EB0ED001FFFB0 /* pgagAudioTests.swift */; };
		3E4311FD1C5EB0ED001FFFB0 /* pgagAudioUITests.swift in Sources */ = {isa = PBXBuildFile; fileRef = 3E4311FC1C5EB0ED001FFFB0 /* pgagAudioUITests.swift */; };
		3E5443871C7F9F14009F0062 /* goodWork.m4a in Resources */ = {isa = PBXBuildFile; fileRef = 3E5443861C7F9F14009F0062 /* goodWork.m4a */; };
		3E5443891C7FA083009F0062 /* nothing.mp3 in Resources */ = {isa = PBXBuildFile; fileRef = 3E5443881C7FA083009F0062 /* nothing.mp3 */; };
		3E5F94B71C60F9F500C8B9AD /* Bolts.framework in Frameworks */ = {isa = PBXBuildFile; fileRef = 3E5F94B51C60F9F500C8B9AD /* Bolts.framework */; };
		3E5F94B81C60F9F500C8B9AD /* Parse.framework in Frameworks */ = {isa = PBXBuildFile; fileRef = 3E5F94B61C60F9F500C8B9AD /* Parse.framework */; };
		3E5F94BA1C60FA4D00C8B9AD /* AudioToolbox.framework in Frameworks */ = {isa = PBXBuildFile; fileRef = 3E5F94B91C60FA4D00C8B9AD /* AudioToolbox.framework */; };
		3E5F94BC1C60FA5200C8B9AD /* CFNetwork.framework in Frameworks */ = {isa = PBXBuildFile; fileRef = 3E5F94BB1C60FA5200C8B9AD /* CFNetwork.framework */; };
		3E5F94BE1C60FA5900C8B9AD /* CoreGraphics.framework in Frameworks */ = {isa = PBXBuildFile; fileRef = 3E5F94BD1C60FA5900C8B9AD /* CoreGraphics.framework */; };
		3E5F94C01C60FA5F00C8B9AD /* CoreLocation.framework in Frameworks */ = {isa = PBXBuildFile; fileRef = 3E5F94BF1C60FA5F00C8B9AD /* CoreLocation.framework */; };
		3E5F94C21C60FA6600C8B9AD /* QuartzCore.framework in Frameworks */ = {isa = PBXBuildFile; fileRef = 3E5F94C11C60FA6600C8B9AD /* QuartzCore.framework */; };
		3E5F94C41C60FA6D00C8B9AD /* Security.framework in Frameworks */ = {isa = PBXBuildFile; fileRef = 3E5F94C31C60FA6D00C8B9AD /* Security.framework */; };
		3E5F94C61C60FA7300C8B9AD /* StoreKit.framework in Frameworks */ = {isa = PBXBuildFile; fileRef = 3E5F94C51C60FA7300C8B9AD /* StoreKit.framework */; };
		3E5F94C81C60FA7F00C8B9AD /* SystemConfiguration.framework in Frameworks */ = {isa = PBXBuildFile; fileRef = 3E5F94C71C60FA7F00C8B9AD /* SystemConfiguration.framework */; };
		3E5F94CA1C60FA8800C8B9AD /* libz.tbd in Frameworks */ = {isa = PBXBuildFile; fileRef = 3E5F94C91C60FA8800C8B9AD /* libz.tbd */; };
		3E5F94CC1C60FA9000C8B9AD /* libsqlite3.tbd in Frameworks */ = {isa = PBXBuildFile; fileRef = 3E5F94CB1C60FA9000C8B9AD /* libsqlite3.tbd */; };
		3E862FAD1CC1761000DCA0B8 /* introController.swift in Sources */ = {isa = PBXBuildFile; fileRef = 3E862FAC1CC1761000DCA0B8 /* introController.swift */; };
		3E862FAF1CC1762700DCA0B8 /* initController.swift in Sources */ = {isa = PBXBuildFile; fileRef = 3E862FAE1CC1762700DCA0B8 /* initController.swift */; };
		3E862FB31CC1767300DCA0B8 /* playController.swift in Sources */ = {isa = PBXBuildFile; fileRef = 3E862FB21CC1767300DCA0B8 /* playController.swift */; };
		3E862FB51CC1768100DCA0B8 /* endController.swift in Sources */ = {isa = PBXBuildFile; fileRef = 3E862FB41CC1768100DCA0B8 /* endController.swift */; };
		3ECF38011C89E6A700FA25FD /* croppedMap.jpg in Resources */ = {isa = PBXBuildFile; fileRef = 3ECF38001C89E6A700FA25FD /* croppedMap.jpg */; };
		3ECF38031C89E99300FA25FD /* croppedMap.png in Resources */ = {isa = PBXBuildFile; fileRef = 3ECF38021C89E99300FA25FD /* croppedMap.png */; };
		3EE6CDC71C5EB4B600B43022 /* AVFoundation.framework in Frameworks */ = {isa = PBXBuildFile; fileRef = 3EE6CDC61C5EB4B600B43022 /* AVFoundation.framework */; };
		3EE98C961C758E3000E09095 /* J1.m4a in Resources */ = {isa = PBXBuildFile; fileRef = 3EE98C901C758E2F00E09095 /* J1.m4a */; };
		3EE98C971C758E3000E09095 /* J2.m4a in Resources */ = {isa = PBXBuildFile; fileRef = 3EE98C911C758E2F00E09095 /* J2.m4a */; };
		3EE98C981C758E3000E09095 /* J3.m4a in Resources */ = {isa = PBXBuildFile; fileRef = 3EE98C921C758E2F00E09095 /* J3.m4a */; };
		3EE98C991C758E3000E09095 /* J4.m4a in Resources */ = {isa = PBXBuildFile; fileRef = 3EE98C931C758E3000E09095 /* J4.m4a */; };
		3EE98C9A1C758E3000E09095 /* J5.m4a in Resources */ = {isa = PBXBuildFile; fileRef = 3EE98C941C758E3000E09095 /* J5.m4a */; };
		3EE98C9B1C758E3000E09095 /* J6.m4a in Resources */ = {isa = PBXBuildFile; fileRef = 3EE98C951C758E3000E09095 /* J6.m4a */; };
/* End PBXBuildFile section */

/* Begin PBXContainerItemProxy section */
		3E4311EE1C5EB0ED001FFFB0 /* PBXContainerItemProxy */ = {
			isa = PBXContainerItemProxy;
			containerPortal = 3E4311D11C5EB0EC001FFFB0 /* Project object */;
			proxyType = 1;
			remoteGlobalIDString = 3E4311D81C5EB0EC001FFFB0;
			remoteInfo = pgagAudio;
		};
		3E4311F91C5EB0ED001FFFB0 /* PBXContainerItemProxy */ = {
			isa = PBXContainerItemProxy;
			containerPortal = 3E4311D11C5EB0EC001FFFB0 /* Project object */;
			proxyType = 1;
			remoteGlobalIDString = 3E4311D81C5EB0EC001FFFB0;
			remoteInfo = pgagAudio;
		};
/* End PBXContainerItemProxy section */

/* Begin PBXFileReference section */
		1F233E371C76233C00E7B0E4 /* S6.m4a */ = {isa = PBXFileReference; lastKnownFileType = file; path = S6.m4a; sourceTree = "<group>"; };
		1F233E381C76233C00E7B0E4 /* S5.m4a */ = {isa = PBXFileReference; lastKnownFileType = file; path = S5.m4a; sourceTree = "<group>"; };
		1F233E391C76233C00E7B0E4 /* S4.m4a */ = {isa = PBXFileReference; lastKnownFileType = file; path = S4.m4a; sourceTree = "<group>"; };
		1F233E3A1C76233C00E7B0E4 /* S3.m4a */ = {isa = PBXFileReference; lastKnownFileType = file; path = S3.m4a; sourceTree = "<group>"; };
		1F233E3B1C76233C00E7B0E4 /* S2.m4a */ = {isa = PBXFileReference; lastKnownFileType = file; path = S2.m4a; sourceTree = "<group>"; };
		1F233E3C1C76233C00E7B0E4 /* S1.m4a */ = {isa = PBXFileReference; lastKnownFileType = file; path = S1.m4a; sourceTree = "<group>"; };
		1F4127FF1CB82CEA00274A74 /* ViewControllerOLD.swift */ = {isa = PBXFileReference; fileEncoding = 4; lastKnownFileType = sourcecode.swift; path = ViewControllerOLD.swift; sourceTree = "<group>"; };
		1F4128011CB82CFB00274A74 /* ViewController.swift */ = {isa = PBXFileReference; fileEncoding = 4; lastKnownFileType = sourcecode.swift; path = ViewController.swift; sourceTree = "<group>"; };
		1F71F4DE1C7BBD42005EC7E8 /* worldObject.swift */ = {isa = PBXFileReference; fileEncoding = 4; lastKnownFileType = sourcecode.swift; path = worldObject.swift; sourceTree = "<group>"; };
		3E0E5E421C7674F0005651CE /* beep.wav */ = {isa = PBXFileReference; lastKnownFileType = audio.wav; path = beep.wav; sourceTree = "<group>"; };
		3E0E5E431C7674F0005651CE /* confirm.wav */ = {isa = PBXFileReference; lastKnownFileType = audio.wav; path = confirm.wav; sourceTree = "<group>"; };
		3E0E5E441C7674F0005651CE /* theme.mp3 */ = {isa = PBXFileReference; lastKnownFileType = audio.mp3; path = theme.mp3; sourceTree = "<group>"; };
		3E0E5E481C768C65005651CE /* Conclusion.m4a */ = {isa = PBXFileReference; lastKnownFileType = file; path = Conclusion.m4a; sourceTree = "<group>"; };
		3E0E5E491C768C65005651CE /* Intro1.m4a */ = {isa = PBXFileReference; lastKnownFileType = file; path = Intro1.m4a; sourceTree = "<group>"; };
		3E0E5E4A1C768C66005651CE /* Intro2.m4a */ = {isa = PBXFileReference; lastKnownFileType = file; path = Intro2.m4a; sourceTree = "<group>"; };
		3E4311D91C5EB0ED001FFFB0 /* pgagAudio.app */ = {isa = PBXFileReference; explicitFileType = wrapper.application; includeInIndex = 0; path = pgagAudio.app; sourceTree = BUILT_PRODUCTS_DIR; };
		3E4311DC1C5EB0ED001FFFB0 /* AppDelegate.swift */ = {isa = PBXFileReference; lastKnownFileType = sourcecode.swift; path = AppDelegate.swift; sourceTree = "<group>"; };
		3E4311E11C5EB0ED001FFFB0 /* Base */ = {isa = PBXFileReference; lastKnownFileType = file.storyboard; name = Base; path = Base.lproj/Main.storyboard; sourceTree = "<group>"; };
		3E4311E31C5EB0ED001FFFB0 /* Assets.xcassets */ = {isa = PBXFileReference; lastKnownFileType = folder.assetcatalog; path = Assets.xcassets; sourceTree = "<group>"; };
		3E4311E61C5EB0ED001FFFB0 /* Base */ = {isa = PBXFileReference; lastKnownFileType = file.storyboard; name = Base; path = Base.lproj/LaunchScreen.storyboard; sourceTree = "<group>"; };
		3E4311E81C5EB0ED001FFFB0 /* Info.plist */ = {isa = PBXFileReference; lastKnownFileType = text.plist.xml; path = Info.plist; sourceTree = "<group>"; };
		3E4311ED1C5EB0ED001FFFB0 /* pgagAudioTests.xctest */ = {isa = PBXFileReference; explicitFileType = wrapper.cfbundle; includeInIndex = 0; path = pgagAudioTests.xctest; sourceTree = BUILT_PRODUCTS_DIR; };
		3E4311F11C5EB0ED001FFFB0 /* pgagAudioTests.swift */ = {isa = PBXFileReference; lastKnownFileType = sourcecode.swift; path = pgagAudioTests.swift; sourceTree = "<group>"; };
		3E4311F31C5EB0ED001FFFB0 /* Info.plist */ = {isa = PBXFileReference; lastKnownFileType = text.plist.xml; path = Info.plist; sourceTree = "<group>"; };
		3E4311F81C5EB0ED001FFFB0 /* pgagAudioUITests.xctest */ = {isa = PBXFileReference; explicitFileType = wrapper.cfbundle; includeInIndex = 0; path = pgagAudioUITests.xctest; sourceTree = BUILT_PRODUCTS_DIR; };
		3E4311FC1C5EB0ED001FFFB0 /* pgagAudioUITests.swift */ = {isa = PBXFileReference; lastKnownFileType = sourcecode.swift; path = pgagAudioUITests.swift; sourceTree = "<group>"; };
		3E4311FE1C5EB0EE001FFFB0 /* Info.plist */ = {isa = PBXFileReference; lastKnownFileType = text.plist.xml; path = Info.plist; sourceTree = "<group>"; };
		3E5443861C7F9F14009F0062 /* goodWork.m4a */ = {isa = PBXFileReference; lastKnownFileType = file; path = goodWork.m4a; sourceTree = "<group>"; };
		3E5443881C7FA083009F0062 /* nothing.mp3 */ = {isa = PBXFileReference; lastKnownFileType = audio.mp3; path = nothing.mp3; sourceTree = "<group>"; };
		3E5F94B51C60F9F500C8B9AD /* Bolts.framework */ = {isa = PBXFileReference; lastKnownFileType = wrapper.framework; path = Bolts.framework; sourceTree = "<group>"; };
		3E5F94B61C60F9F500C8B9AD /* Parse.framework */ = {isa = PBXFileReference; lastKnownFileType = wrapper.framework; path = Parse.framework; sourceTree = "<group>"; };
		3E5F94B91C60FA4D00C8B9AD /* AudioToolbox.framework */ = {isa = PBXFileReference; lastKnownFileType = wrapper.framework; name = AudioToolbox.framework; path = System/Library/Frameworks/AudioToolbox.framework; sourceTree = SDKROOT; };
		3E5F94BB1C60FA5200C8B9AD /* CFNetwork.framework */ = {isa = PBXFileReference; lastKnownFileType = wrapper.framework; name = CFNetwork.framework; path = System/Library/Frameworks/CFNetwork.framework; sourceTree = SDKROOT; };
		3E5F94BD1C60FA5900C8B9AD /* CoreGraphics.framework */ = {isa = PBXFileReference; lastKnownFileType = wrapper.framework; name = CoreGraphics.framework; path = System/Library/Frameworks/CoreGraphics.framework; sourceTree = SDKROOT; };
		3E5F94BF1C60FA5F00C8B9AD /* CoreLocation.framework */ = {isa = PBXFileReference; lastKnownFileType = wrapper.framework; name = CoreLocation.framework; path = System/Library/Frameworks/CoreLocation.framework; sourceTree = SDKROOT; };
		3E5F94C11C60FA6600C8B9AD /* QuartzCore.framework */ = {isa = PBXFileReference; lastKnownFileType = wrapper.framework; name = QuartzCore.framework; path = System/Library/Frameworks/QuartzCore.framework; sourceTree = SDKROOT; };
		3E5F94C31C60FA6D00C8B9AD /* Security.framework */ = {isa = PBXFileReference; lastKnownFileType = wrapper.framework; name = Security.framework; path = System/Library/Frameworks/Security.framework; sourceTree = SDKROOT; };
		3E5F94C51C60FA7300C8B9AD /* StoreKit.framework */ = {isa = PBXFileReference; lastKnownFileType = wrapper.framework; name = StoreKit.framework; path = System/Library/Frameworks/StoreKit.framework; sourceTree = SDKROOT; };
		3E5F94C71C60FA7F00C8B9AD /* SystemConfiguration.framework */ = {isa = PBXFileReference; lastKnownFileType = wrapper.framework; name = SystemConfiguration.framework; path = System/Library/Frameworks/SystemConfiguration.framework; sourceTree = SDKROOT; };
		3E5F94C91C60FA8800C8B9AD /* libz.tbd */ = {isa = PBXFileReference; lastKnownFileType = "sourcecode.text-based-dylib-definition"; name = libz.tbd; path = usr/lib/libz.tbd; sourceTree = SDKROOT; };
		3E5F94CB1C60FA9000C8B9AD /* libsqlite3.tbd */ = {isa = PBXFileReference; lastKnownFileType = "sourcecode.text-based-dylib-definition"; name = libsqlite3.tbd; path = usr/lib/libsqlite3.tbd; sourceTree = SDKROOT; };
		3E862FAC1CC1761000DCA0B8 /* introController.swift */ = {isa = PBXFileReference; fileEncoding = 4; lastKnownFileType = sourcecode.swift; path = introController.swift; sourceTree = "<group>"; };
		3E862FAE1CC1762700DCA0B8 /* initController.swift */ = {isa = PBXFileReference; fileEncoding = 4; lastKnownFileType = sourcecode.swift; path = initController.swift; sourceTree = "<group>"; };
		3E862FB21CC1767300DCA0B8 /* playController.swift */ = {isa = PBXFileReference; fileEncoding = 4; lastKnownFileType = sourcecode.swift; path = playController.swift; sourceTree = "<group>"; };
		3E862FB41CC1768100DCA0B8 /* endController.swift */ = {isa = PBXFileReference; fileEncoding = 4; lastKnownFileType = sourcecode.swift; path = endController.swift; sourceTree = "<group>"; };
		3ECF38001C89E6A700FA25FD /* croppedMap.jpg */ = {isa = PBXFileReference; lastKnownFileType = image.jpeg; path = croppedMap.jpg; sourceTree = "<group>"; };
		3ECF38021C89E99300FA25FD /* croppedMap.png */ = {isa = PBXFileReference; lastKnownFileType = image.png; path = croppedMap.png; sourceTree = "<group>"; };
		3EE6CDC61C5EB4B600B43022 /* AVFoundation.framework */ = {isa = PBXFileReference; lastKnownFileType = wrapper.framework; name = AVFoundation.framework; path = System/Library/Frameworks/AVFoundation.framework; sourceTree = SDKROOT; };
		3EE98C901C758E2F00E09095 /* J1.m4a */ = {isa = PBXFileReference; lastKnownFileType = file; path = J1.m4a; sourceTree = "<group>"; };
		3EE98C911C758E2F00E09095 /* J2.m4a */ = {isa = PBXFileReference; lastKnownFileType = file; path = J2.m4a; sourceTree = "<group>"; };
		3EE98C921C758E2F00E09095 /* J3.m4a */ = {isa = PBXFileReference; lastKnownFileType = file; path = J3.m4a; sourceTree = "<group>"; };
		3EE98C931C758E3000E09095 /* J4.m4a */ = {isa = PBXFileReference; lastKnownFileType = file; path = J4.m4a; sourceTree = "<group>"; };
		3EE98C941C758E3000E09095 /* J5.m4a */ = {isa = PBXFileReference; lastKnownFileType = file; path = J5.m4a; sourceTree = "<group>"; };
		3EE98C951C758E3000E09095 /* J6.m4a */ = {isa = PBXFileReference; lastKnownFileType = file; path = J6.m4a; sourceTree = "<group>"; };
/* End PBXFileReference section */

/* Begin PBXFrameworksBuildPhase section */
		3E4311D61C5EB0EC001FFFB0 /* Frameworks */ = {
			isa = PBXFrameworksBuildPhase;
			buildActionMask = 2147483647;
			files = (
				3E5F94BA1C60FA4D00C8B9AD /* AudioToolbox.framework in Frameworks */,
				3E5F94CC1C60FA9000C8B9AD /* libsqlite3.tbd in Frameworks */,
				3E5F94CA1C60FA8800C8B9AD /* libz.tbd in Frameworks */,
				3E5F94C81C60FA7F00C8B9AD /* SystemConfiguration.framework in Frameworks */,
				3E5F94C61C60FA7300C8B9AD /* StoreKit.framework in Frameworks */,
				3E5F94C41C60FA6D00C8B9AD /* Security.framework in Frameworks */,
				3E5F94C21C60FA6600C8B9AD /* QuartzCore.framework in Frameworks */,
				3E5F94C01C60FA5F00C8B9AD /* CoreLocation.framework in Frameworks */,
				3E5F94BE1C60FA5900C8B9AD /* CoreGraphics.framework in Frameworks */,
				3E5F94BC1C60FA5200C8B9AD /* CFNetwork.framework in Frameworks */,
				3EE6CDC71C5EB4B600B43022 /* AVFoundation.framework in Frameworks */,
				3E5F94B81C60F9F500C8B9AD /* Parse.framework in Frameworks */,
				3E5F94B71C60F9F500C8B9AD /* Bolts.framework in Frameworks */,
			);
			runOnlyForDeploymentPostprocessing = 0;
		};
		3E4311EA1C5EB0ED001FFFB0 /* Frameworks */ = {
			isa = PBXFrameworksBuildPhase;
			buildActionMask = 2147483647;
			files = (
			);
			runOnlyForDeploymentPostprocessing = 0;
		};
		3E4311F51C5EB0ED001FFFB0 /* Frameworks */ = {
			isa = PBXFrameworksBuildPhase;
			buildActionMask = 2147483647;
			files = (
			);
			runOnlyForDeploymentPostprocessing = 0;
		};
/* End PBXFrameworksBuildPhase section */

/* Begin PBXGroup section */
		1FECB9601C875EE800B71A3F /* audioFiles */ = {
			isa = PBXGroup;
			children = (
				3E5443881C7FA083009F0062 /* nothing.mp3 */,
				3E5443861C7F9F14009F0062 /* goodWork.m4a */,
				3E0E5E421C7674F0005651CE /* beep.wav */,
				3E0E5E431C7674F0005651CE /* confirm.wav */,
				3E0E5E441C7674F0005651CE /* theme.mp3 */,
				1F233E371C76233C00E7B0E4 /* S6.m4a */,
				3E0E5E481C768C65005651CE /* Conclusion.m4a */,
				3E0E5E491C768C65005651CE /* Intro1.m4a */,
				3E0E5E4A1C768C66005651CE /* Intro2.m4a */,
				1F233E381C76233C00E7B0E4 /* S5.m4a */,
				1F233E391C76233C00E7B0E4 /* S4.m4a */,
				1F233E3A1C76233C00E7B0E4 /* S3.m4a */,
				1F233E3B1C76233C00E7B0E4 /* S2.m4a */,
				1F233E3C1C76233C00E7B0E4 /* S1.m4a */,
				3EE98C901C758E2F00E09095 /* J1.m4a */,
				3EE98C911C758E2F00E09095 /* J2.m4a */,
				3EE98C921C758E2F00E09095 /* J3.m4a */,
				3EE98C931C758E3000E09095 /* J4.m4a */,
				3EE98C941C758E3000E09095 /* J5.m4a */,
				3EE98C951C758E3000E09095 /* J6.m4a */,
			);
			name = audioFiles;
			sourceTree = "<group>";
		};
		3E4311D01C5EB0EC001FFFB0 = {
			isa = PBXGroup;
			children = (
				1FECB9601C875EE800B71A3F /* audioFiles */,
				3E5F94CB1C60FA9000C8B9AD /* libsqlite3.tbd */,
				3E5F94C91C60FA8800C8B9AD /* libz.tbd */,
				3ECF38021C89E99300FA25FD /* croppedMap.png */,
				3ECF38001C89E6A700FA25FD /* croppedMap.jpg */,
				3E5F94C71C60FA7F00C8B9AD /* SystemConfiguration.framework */,
				3E5F94C51C60FA7300C8B9AD /* StoreKit.framework */,
				3E5F94C31C60FA6D00C8B9AD /* Security.framework */,
				3E5F94C11C60FA6600C8B9AD /* QuartzCore.framework */,
				3E5F94BF1C60FA5F00C8B9AD /* CoreLocation.framework */,
				3E5F94BD1C60FA5900C8B9AD /* CoreGraphics.framework */,
				3E5F94BB1C60FA5200C8B9AD /* CFNetwork.framework */,
				3E5F94B91C60FA4D00C8B9AD /* AudioToolbox.framework */,
				3E5F94B51C60F9F500C8B9AD /* Bolts.framework */,
				3E5F94B61C60F9F500C8B9AD /* Parse.framework */,
				3EE6CDC61C5EB4B600B43022 /* AVFoundation.framework */,
				3E4311DB1C5EB0ED001FFFB0 /* pgagAudio */,
				3E4311F01C5EB0ED001FFFB0 /* pgagAudioTests */,
				3E4311FB1C5EB0ED001FFFB0 /* pgagAudioUITests */,
				3E4311DA1C5EB0ED001FFFB0 /* Products */,
			);
			sourceTree = "<group>";
		};
		3E4311DA1C5EB0ED001FFFB0 /* Products */ = {
			isa = PBXGroup;
			children = (
				3E4311D91C5EB0ED001FFFB0 /* pgagAudio.app */,
				3E4311ED1C5EB0ED001FFFB0 /* pgagAudioTests.xctest */,
				3E4311F81C5EB0ED001FFFB0 /* pgagAudioUITests.xctest */,
			);
			name = Products;
			sourceTree = "<group>";
		};
		3E4311DB1C5EB0ED001FFFB0 /* pgagAudio */ = {
			isa = PBXGroup;
			children = (
				3E4311DC1C5EB0ED001FFFB0 /* AppDelegate.swift */,
				3E4311E01C5EB0ED001FFFB0 /* Main.storyboard */,
				1F71F4DE1C7BBD42005EC7E8 /* worldObject.swift */,
				3E4311E31C5EB0ED001FFFB0 /* Assets.xcassets */,
				3E4311E51C5EB0ED001FFFB0 /* LaunchScreen.storyboard */,
				3E4311E81C5EB0ED001FFFB0 /* Info.plist */,
				1F4127FF1CB82CEA00274A74 /* ViewControllerOLD.swift */,
				3E862FAE1CC1762700DCA0B8 /* initController.swift */,
				1F4128011CB82CFB00274A74 /* ViewController.swift */,
				3E862FB21CC1767300DCA0B8 /* playController.swift */,
				3E862FB41CC1768100DCA0B8 /* endController.swift */,
				3E862FAC1CC1761000DCA0B8 /* introController.swift */,
			);
			path = pgagAudio;
			sourceTree = "<group>";
		};
		3E4311F01C5EB0ED001FFFB0 /* pgagAudioTests */ = {
			isa = PBXGroup;
			children = (
				3E4311F11C5EB0ED001FFFB0 /* pgagAudioTests.swift */,
				3E4311F31C5EB0ED001FFFB0 /* Info.plist */,
			);
			path = pgagAudioTests;
			sourceTree = "<group>";
		};
		3E4311FB1C5EB0ED001FFFB0 /* pgagAudioUITests */ = {
			isa = PBXGroup;
			children = (
				3E4311FC1C5EB0ED001FFFB0 /* pgagAudioUITests.swift */,
				3E4311FE1C5EB0EE001FFFB0 /* Info.plist */,
			);
			path = pgagAudioUITests;
			sourceTree = "<group>";
		};
/* End PBXGroup section */

/* Begin PBXNativeTarget section */
		3E4311D81C5EB0EC001FFFB0 /* pgagAudio */ = {
			isa = PBXNativeTarget;
			buildConfigurationList = 3E4312011C5EB0EE001FFFB0 /* Build configuration list for PBXNativeTarget "pgagAudio" */;
			buildPhases = (
				3E4311D51C5EB0EC001FFFB0 /* Sources */,
				3E4311D61C5EB0EC001FFFB0 /* Frameworks */,
				3E4311D71C5EB0EC001FFFB0 /* Resources */,
			);
			buildRules = (
			);
			dependencies = (
			);
			name = pgagAudio;
			productName = pgagAudio;
			productReference = 3E4311D91C5EB0ED001FFFB0 /* pgagAudio.app */;
			productType = "com.apple.product-type.application";
		};
		3E4311EC1C5EB0ED001FFFB0 /* pgagAudioTests */ = {
			isa = PBXNativeTarget;
			buildConfigurationList = 3E4312041C5EB0EE001FFFB0 /* Build configuration list for PBXNativeTarget "pgagAudioTests" */;
			buildPhases = (
				3E4311E91C5EB0ED001FFFB0 /* Sources */,
				3E4311EA1C5EB0ED001FFFB0 /* Frameworks */,
				3E4311EB1C5EB0ED001FFFB0 /* Resources */,
			);
			buildRules = (
			);
			dependencies = (
				3E4311EF1C5EB0ED001FFFB0 /* PBXTargetDependency */,
			);
			name = pgagAudioTests;
			productName = pgagAudioTests;
			productReference = 3E4311ED1C5EB0ED001FFFB0 /* pgagAudioTests.xctest */;
			productType = "com.apple.product-type.bundle.unit-test";
		};
		3E4311F71C5EB0ED001FFFB0 /* pgagAudioUITests */ = {
			isa = PBXNativeTarget;
			buildConfigurationList = 3E4312071C5EB0EE001FFFB0 /* Build configuration list for PBXNativeTarget "pgagAudioUITests" */;
			buildPhases = (
				3E4311F41C5EB0ED001FFFB0 /* Sources */,
				3E4311F51C5EB0ED001FFFB0 /* Frameworks */,
				3E4311F61C5EB0ED001FFFB0 /* Resources */,
			);
			buildRules = (
			);
			dependencies = (
				3E4311FA1C5EB0ED001FFFB0 /* PBXTargetDependency */,
			);
			name = pgagAudioUITests;
			productName = pgagAudioUITests;
			productReference = 3E4311F81C5EB0ED001FFFB0 /* pgagAudioUITests.xctest */;
			productType = "com.apple.product-type.bundle.ui-testing";
		};
/* End PBXNativeTarget section */

/* Begin PBXProject section */
		3E4311D11C5EB0EC001FFFB0 /* Project object */ = {
			isa = PBXProject;
			attributes = {
				LastSwiftUpdateCheck = 0720;
				LastUpgradeCheck = 0720;
				ORGANIZATIONNAME = "Jennie Werner";
				TargetAttributes = {
					3E4311D81C5EB0EC001FFFB0 = {
						CreatedOnToolsVersion = 7.2;
						DevelopmentTeam = W4E2C6X642;
						SystemCapabilities = {
							com.apple.BackgroundModes = {
								enabled = 1;
							};
						};
					};
					3E4311EC1C5EB0ED001FFFB0 = {
						CreatedOnToolsVersion = 7.2;
						DevelopmentTeam = PVV5F3U637;
						TestTargetID = 3E4311D81C5EB0EC001FFFB0;
					};
					3E4311F71C5EB0ED001FFFB0 = {
						CreatedOnToolsVersion = 7.2;
						DevelopmentTeam = PVV5F3U637;
						TestTargetID = 3E4311D81C5EB0EC001FFFB0;
					};
				};
			};
			buildConfigurationList = 3E4311D41C5EB0EC001FFFB0 /* Build configuration list for PBXProject "pgagAudio" */;
			compatibilityVersion = "Xcode 3.2";
			developmentRegion = English;
			hasScannedForEncodings = 0;
			knownRegions = (
				en,
				Base,
			);
			mainGroup = 3E4311D01C5EB0EC001FFFB0;
			productRefGroup = 3E4311DA1C5EB0ED001FFFB0 /* Products */;
			projectDirPath = "";
			projectRoot = "";
			targets = (
				3E4311D81C5EB0EC001FFFB0 /* pgagAudio */,
				3E4311EC1C5EB0ED001FFFB0 /* pgagAudioTests */,
				3E4311F71C5EB0ED001FFFB0 /* pgagAudioUITests */,
			);
		};
/* End PBXProject section */

/* Begin PBXResourcesBuildPhase section */
		3E4311D71C5EB0EC001FFFB0 /* Resources */ = {
			isa = PBXResourcesBuildPhase;
			buildActionMask = 2147483647;
			files = (
				1F233E401C76233C00E7B0E4 /* S3.m4a in Resources */,
				3EE98C991C758E3000E09095 /* J4.m4a in Resources */,
				3EE98C981C758E3000E09095 /* J3.m4a in Resources */,
				3EE98C971C758E3000E09095 /* J2.m4a in Resources */,
				3EE98C9A1C758E3000E09095 /* J5.m4a in Resources */,
				3EE98C9B1C758E3000E09095 /* J6.m4a in Resources */,
				1F233E421C76233C00E7B0E4 /* S1.m4a in Resources */,
				3E5443871C7F9F14009F0062 /* goodWork.m4a in Resources */,
				3ECF38011C89E6A700FA25FD /* croppedMap.jpg in Resources */,
				3E0E5E451C7674F1005651CE /* beep.wav in Resources */,
				1F233E3E1C76233C00E7B0E4 /* S5.m4a in Resources */,
				3ECF38031C89E99300FA25FD /* croppedMap.png in Resources */,
				3E4311E71C5EB0ED001FFFB0 /* LaunchScreen.storyboard in Resources */,
				3E0E5E461C7674F1005651CE /* confirm.wav in Resources */,
				3E4311E41C5EB0ED001FFFB0 /* Assets.xcassets in Resources */,
				1F233E3D1C76233C00E7B0E4 /* S6.m4a in Resources */,
				3E5443891C7FA083009F0062 /* nothing.mp3 in Resources */,
				3E0E5E471C7674F1005651CE /* theme.mp3 in Resources */,
				3E0E5E4C1C768C66005651CE /* Intro1.m4a in Resources */,
				1F233E411C76233C00E7B0E4 /* S2.m4a in Resources */,
				1F233E3F1C76233C00E7B0E4 /* S4.m4a in Resources */,
				3E0E5E4B1C768C66005651CE /* Conclusion.m4a in Resources */,
				3E4311E21C5EB0ED001FFFB0 /* Main.storyboard in Resources */,
				3E0E5E4D1C768C66005651CE /* Intro2.m4a in Resources */,
				3EE98C961C758E3000E09095 /* J1.m4a in Resources */,
			);
			runOnlyForDeploymentPostprocessing = 0;
		};
		3E4311EB1C5EB0ED001FFFB0 /* Resources */ = {
			isa = PBXResourcesBuildPhase;
			buildActionMask = 2147483647;
			files = (
			);
			runOnlyForDeploymentPostprocessing = 0;
		};
		3E4311F61C5EB0ED001FFFB0 /* Resources */ = {
			isa = PBXResourcesBuildPhase;
			buildActionMask = 2147483647;
			files = (
			);
			runOnlyForDeploymentPostprocessing = 0;
		};
/* End PBXResourcesBuildPhase section */

/* Begin PBXSourcesBuildPhase section */
		3E4311D51C5EB0EC001FFFB0 /* Sources */ = {
			isa = PBXSourcesBuildPhase;
			buildActionMask = 2147483647;
			files = (
				1F4128001CB82CEA00274A74 /* ViewControllerOLD.swift in Sources */,
				3E862FB51CC1768100DCA0B8 /* endController.swift in Sources */,
				3E862FAF1CC1762700DCA0B8 /* initController.swift in Sources */,
				1F71F4DF1C7BBD42005EC7E8 /* worldObject.swift in Sources */,
				3E862FAD1CC1761000DCA0B8 /* introController.swift in Sources */,
				1F4128021CB82CFB00274A74 /* ViewController.swift in Sources */,
				3E4311DD1C5EB0ED001FFFB0 /* AppDelegate.swift in Sources */,
				3E862FB31CC1767300DCA0B8 /* playController.swift in Sources */,
			);
			runOnlyForDeploymentPostprocessing = 0;
		};
		3E4311E91C5EB0ED001FFFB0 /* Sources */ = {
			isa = PBXSourcesBuildPhase;
			buildActionMask = 2147483647;
			files = (
				3E4311F21C5EB0ED001FFFB0 /* pgagAudioTests.swift in Sources */,
			);
			runOnlyForDeploymentPostprocessing = 0;
		};
		3E4311F41C5EB0ED001FFFB0 /* Sources */ = {
			isa = PBXSourcesBuildPhase;
			buildActionMask = 2147483647;
			files = (
				3E4311FD1C5EB0ED001FFFB0 /* pgagAudioUITests.swift in Sources */,
			);
			runOnlyForDeploymentPostprocessing = 0;
		};
/* End PBXSourcesBuildPhase section */

/* Begin PBXTargetDependency section */
		3E4311EF1C5EB0ED001FFFB0 /* PBXTargetDependency */ = {
			isa = PBXTargetDependency;
			target = 3E4311D81C5EB0EC001FFFB0 /* pgagAudio */;
			targetProxy = 3E4311EE1C5EB0ED001FFFB0 /* PBXContainerItemProxy */;
		};
		3E4311FA1C5EB0ED001FFFB0 /* PBXTargetDependency */ = {
			isa = PBXTargetDependency;
			target = 3E4311D81C5EB0EC001FFFB0 /* pgagAudio */;
			targetProxy = 3E4311F91C5EB0ED001FFFB0 /* PBXContainerItemProxy */;
		};
/* End PBXTargetDependency section */

/* Begin PBXVariantGroup section */
		3E4311E01C5EB0ED001FFFB0 /* Main.storyboard */ = {
			isa = PBXVariantGroup;
			children = (
				3E4311E11C5EB0ED001FFFB0 /* Base */,
			);
			name = Main.storyboard;
			sourceTree = "<group>";
		};
		3E4311E51C5EB0ED001FFFB0 /* LaunchScreen.storyboard */ = {
			isa = PBXVariantGroup;
			children = (
				3E4311E61C5EB0ED001FFFB0 /* Base */,
			);
			name = LaunchScreen.storyboard;
			sourceTree = "<group>";
		};
/* End PBXVariantGroup section */

/* Begin XCBuildConfiguration section */
		3E4311FF1C5EB0EE001FFFB0 /* Debug */ = {
			isa = XCBuildConfiguration;
			buildSettings = {
				ALWAYS_SEARCH_USER_PATHS = NO;
				CLANG_CXX_LANGUAGE_STANDARD = "gnu++0x";
				CLANG_CXX_LIBRARY = "libc++";
				CLANG_ENABLE_MODULES = YES;
				CLANG_ENABLE_OBJC_ARC = YES;
				CLANG_WARN_BOOL_CONVERSION = YES;
				CLANG_WARN_CONSTANT_CONVERSION = YES;
				CLANG_WARN_DIRECT_OBJC_ISA_USAGE = YES_ERROR;
				CLANG_WARN_EMPTY_BODY = YES;
				CLANG_WARN_ENUM_CONVERSION = YES;
				CLANG_WARN_INT_CONVERSION = YES;
				CLANG_WARN_OBJC_ROOT_CLASS = YES_ERROR;
				CLANG_WARN_UNREACHABLE_CODE = YES;
				CLANG_WARN__DUPLICATE_METHOD_MATCH = YES;
				"CODE_SIGN_IDENTITY[sdk=iphoneos*]" = "iPhone Developer";
				COPY_PHASE_STRIP = NO;
				DEBUG_INFORMATION_FORMAT = dwarf;
				ENABLE_STRICT_OBJC_MSGSEND = YES;
				ENABLE_TESTABILITY = YES;
				GCC_C_LANGUAGE_STANDARD = gnu99;
				GCC_DYNAMIC_NO_PIC = NO;
				GCC_NO_COMMON_BLOCKS = YES;
				GCC_OPTIMIZATION_LEVEL = 0;
				GCC_PREPROCESSOR_DEFINITIONS = (
					"DEBUG=1",
					"$(inherited)",
				);
				GCC_WARN_64_TO_32_BIT_CONVERSION = YES;
				GCC_WARN_ABOUT_RETURN_TYPE = YES_ERROR;
				GCC_WARN_UNDECLARED_SELECTOR = YES;
				GCC_WARN_UNINITIALIZED_AUTOS = YES_AGGRESSIVE;
				GCC_WARN_UNUSED_FUNCTION = YES;
				GCC_WARN_UNUSED_VARIABLE = YES;
				IPHONEOS_DEPLOYMENT_TARGET = 8.4;
				MTL_ENABLE_DEBUG_INFO = YES;
				ONLY_ACTIVE_ARCH = YES;
				PROVISIONING_PROFILE = "228df4d3-4dc3-45b4-9b57-f30e5c4da934";
				SDKROOT = iphoneos;
				SWIFT_OPTIMIZATION_LEVEL = "-Onone";
				TARGETED_DEVICE_FAMILY = "1,2";
			};
			name = Debug;
		};
		3E4312001C5EB0EE001FFFB0 /* Release */ = {
			isa = XCBuildConfiguration;
			buildSettings = {
				ALWAYS_SEARCH_USER_PATHS = NO;
				CLANG_CXX_LANGUAGE_STANDARD = "gnu++0x";
				CLANG_CXX_LIBRARY = "libc++";
				CLANG_ENABLE_MODULES = YES;
				CLANG_ENABLE_OBJC_ARC = YES;
				CLANG_WARN_BOOL_CONVERSION = YES;
				CLANG_WARN_CONSTANT_CONVERSION = YES;
				CLANG_WARN_DIRECT_OBJC_ISA_USAGE = YES_ERROR;
				CLANG_WARN_EMPTY_BODY = YES;
				CLANG_WARN_ENUM_CONVERSION = YES;
				CLANG_WARN_INT_CONVERSION = YES;
				CLANG_WARN_OBJC_ROOT_CLASS = YES_ERROR;
				CLANG_WARN_UNREACHABLE_CODE = YES;
				CLANG_WARN__DUPLICATE_METHOD_MATCH = YES;
				"CODE_SIGN_IDENTITY[sdk=iphoneos*]" = "iPhone Distribution: Northwestern University";
				COPY_PHASE_STRIP = NO;
				DEBUG_INFORMATION_FORMAT = "dwarf-with-dsym";
				ENABLE_NS_ASSERTIONS = NO;
				ENABLE_STRICT_OBJC_MSGSEND = YES;
				GCC_C_LANGUAGE_STANDARD = gnu99;
				GCC_NO_COMMON_BLOCKS = YES;
				GCC_WARN_64_TO_32_BIT_CONVERSION = YES;
				GCC_WARN_ABOUT_RETURN_TYPE = YES_ERROR;
				GCC_WARN_UNDECLARED_SELECTOR = YES;
				GCC_WARN_UNINITIALIZED_AUTOS = YES_AGGRESSIVE;
				GCC_WARN_UNUSED_FUNCTION = YES;
				GCC_WARN_UNUSED_VARIABLE = YES;
				IPHONEOS_DEPLOYMENT_TARGET = 8.4;
				MTL_ENABLE_DEBUG_INFO = NO;
				PROVISIONING_PROFILE = "228df4d3-4dc3-45b4-9b57-f30e5c4da934";
				SDKROOT = iphoneos;
				TARGETED_DEVICE_FAMILY = "1,2";
				VALIDATE_PRODUCT = YES;
			};
			name = Release;
		};
		3E4312021C5EB0EE001FFFB0 /* Debug */ = {
			isa = XCBuildConfiguration;
			buildSettings = {
				ASSETCATALOG_COMPILER_APPICON_NAME = AppIcon;
				CODE_SIGN_IDENTITY = "iPhone Developer";
				"CODE_SIGN_IDENTITY[sdk=iphoneos*]" = "iPhone Developer";
				FRAMEWORK_SEARCH_PATHS = (
					"$(inherited)",
					"$(PROJECT_DIR)",
					"$(PROJECT_DIR)/OpenEarsDistribution/Framework",
				);
				INFOPLIST_FILE = pgagAudio/Info.plist;
				IPHONEOS_DEPLOYMENT_TARGET = 8.4;
				LD_RUNPATH_SEARCH_PATHS = "$(inherited) @executable_path/Frameworks";
				PRODUCT_BUNDLE_IDENTIFIER = edu.northwestern.delta.pgapAudio;
				PRODUCT_NAME = "$(TARGET_NAME)";
				PROVISIONING_PROFILE = "228df4d3-4dc3-45b4-9b57-f30e5c4da934";
			};
			name = Debug;
		};
		3E4312031C5EB0EE001FFFB0 /* Release */ = {
			isa = XCBuildConfiguration;
			buildSettings = {
				ASSETCATALOG_COMPILER_APPICON_NAME = AppIcon;
				CODE_SIGN_IDENTITY = "iPhone Developer";
				"CODE_SIGN_IDENTITY[sdk=iphoneos*]" = "iPhone Developer";
				FRAMEWORK_SEARCH_PATHS = (
					"$(inherited)",
					"$(PROJECT_DIR)",
					"$(PROJECT_DIR)/OpenEarsDistribution/Framework",
				);
				INFOPLIST_FILE = pgagAudio/Info.plist;
				IPHONEOS_DEPLOYMENT_TARGET = 8.4;
				LD_RUNPATH_SEARCH_PATHS = "$(inherited) @executable_path/Frameworks";
				PRODUCT_BUNDLE_IDENTIFIER = edu.northwestern.delta.pgapAudio;
				PRODUCT_NAME = "$(TARGET_NAME)";
				PROVISIONING_PROFILE = "228df4d3-4dc3-45b4-9b57-f30e5c4da934";
			};
			name = Release;
		};
		3E4312051C5EB0EE001FFFB0 /* Debug */ = {
			isa = XCBuildConfiguration;
			buildSettings = {
				BUNDLE_LOADER = "$(TEST_HOST)";
				INFOPLIST_FILE = pgagAudioTests/Info.plist;
				LD_RUNPATH_SEARCH_PATHS = "$(inherited) @executable_path/Frameworks @loader_path/Frameworks";
				PRODUCT_BUNDLE_IDENTIFIER = DTR.pgagAudioTests;
				PRODUCT_NAME = "$(TARGET_NAME)";
				TEST_HOST = "$(BUILT_PRODUCTS_DIR)/pgagAudio.app/pgagAudio";
			};
			name = Debug;
		};
		3E4312061C5EB0EE001FFFB0 /* Release */ = {
			isa = XCBuildConfiguration;
			buildSettings = {
				BUNDLE_LOADER = "$(TEST_HOST)";
				INFOPLIST_FILE = pgagAudioTests/Info.plist;
				LD_RUNPATH_SEARCH_PATHS = "$(inherited) @executable_path/Frameworks @loader_path/Frameworks";
				PRODUCT_BUNDLE_IDENTIFIER = DTR.pgagAudioTests;
				PRODUCT_NAME = "$(TARGET_NAME)";
				TEST_HOST = "$(BUILT_PRODUCTS_DIR)/pgagAudio.app/pgagAudio";
			};
			name = Release;
		};
		3E4312081C5EB0EE001FFFB0 /* Debug */ = {
			isa = XCBuildConfiguration;
			buildSettings = {
				INFOPLIST_FILE = pgagAudioUITests/Info.plist;
				LD_RUNPATH_SEARCH_PATHS = "$(inherited) @executable_path/Frameworks @loader_path/Frameworks";
				PRODUCT_BUNDLE_IDENTIFIER = DTR.pgagAudioUITests;
				PRODUCT_NAME = "$(TARGET_NAME)";
				TEST_TARGET_NAME = pgagAudio;
				USES_XCTRUNNER = YES;
			};
			name = Debug;
		};
		3E4312091C5EB0EE001FFFB0 /* Release */ = {
			isa = XCBuildConfiguration;
			buildSettings = {
				INFOPLIST_FILE = pgagAudioUITests/Info.plist;
				LD_RUNPATH_SEARCH_PATHS = "$(inherited) @executable_path/Frameworks @loader_path/Frameworks";
				PRODUCT_BUNDLE_IDENTIFIER = DTR.pgagAudioUITests;
				PRODUCT_NAME = "$(TARGET_NAME)";
				TEST_TARGET_NAME = pgagAudio;
				USES_XCTRUNNER = YES;
			};
			name = Release;
		};
/* End XCBuildConfiguration section */

/* Begin XCConfigurationList section */
		3E4311D41C5EB0EC001FFFB0 /* Build configuration list for PBXProject "pgagAudio" */ = {
			isa = XCConfigurationList;
			buildConfigurations = (
				3E4311FF1C5EB0EE001FFFB0 /* Debug */,
				3E4312001C5EB0EE001FFFB0 /* Release */,
			);
			defaultConfigurationIsVisible = 0;
			defaultConfigurationName = Release;
		};
		3E4312011C5EB0EE001FFFB0 /* Build configuration list for PBXNativeTarget "pgagAudio" */ = {
			isa = XCConfigurationList;
			buildConfigurations = (
				3E4312021C5EB0EE001FFFB0 /* Debug */,
				3E4312031C5EB0EE001FFFB0 /* Release */,
			);
			defaultConfigurationIsVisible = 0;
			defaultConfigurationName = Release;
		};
		3E4312041C5EB0EE001FFFB0 /* Build configuration list for PBXNativeTarget "pgagAudioTests" */ = {
			isa = XCConfigurationList;
			buildConfigurations = (
				3E4312051C5EB0EE001FFFB0 /* Debug */,
				3E4312061C5EB0EE001FFFB0 /* Release */,
			);
			defaultConfigurationIsVisible = 0;
			defaultConfigurationName = Release;
		};
		3E4312071C5EB0EE001FFFB0 /* Build configuration list for PBXNativeTarget "pgagAudioUITests" */ = {
			isa = XCConfigurationList;
			buildConfigurations = (
				3E4312081C5EB0EE001FFFB0 /* Debug */,
				3E4312091C5EB0EE001FFFB0 /* Release */,
			);
			defaultConfigurationIsVisible = 0;
			defaultConfigurationName = Release;
		};
/* End XCConfigurationList section */
	};
	rootObject = 3E4311D11C5EB0EC001FFFB0 /* Project object */;
}
